
Microsoft Visual Studio Solution File, Format Version 12.00
# Visual Studio Version 17
VisualStudioVersion = 17.1.32421.90
MinimumVisualStudioVersion = 10.0.40219.1
Project("{9A19103F-16F7-4668-BE54-9A1E7A4F7556}") = "API", "API\API.csproj", "{5AD6C5E1-2215-434B-B0A6-D48C98E44710}"
EndProject
Project("{9A19103F-16F7-4668-BE54-9A1E7A4F7556}") = "Core", "Core\Core.csproj", "{02210195-0335-4440-B11B-BC44D006FD51}"
EndProject
Project("{9A19103F-16F7-4668-BE54-9A1E7A4F7556}") = "Infraestructura", "Infraestructura\Infraestructura.csproj", "{3954A43B-B265-44DB-8074-C91010219BDB}"
EndProject
Global
	GlobalSection(SolutionConfigurationPlatforms) = preSolution
		Debug|Any CPU = Debug|Any CPU
		Release|Any CPU = Release|Any CPU
	EndGlobalSection
	GlobalSection(ProjectConfigurationPlatforms) = postSolution
		{5AD6C5E1-2215-434B-B0A6-D48C98E44710}.Debug|Any CPU.ActiveCfg = Debug|Any CPU
		{5AD6C5E1-2215-434B-B0A6-D48C98E44710}.Debug|Any CPU.Build.0 = Debug|Any CPU
		{5AD6C5E1-2215-434B-B0A6-D48C98E44710}.Release|Any CPU.ActiveCfg = Release|Any CPU
		{5AD6C5E1-2215-434B-B0A6-D48C98E44710}.Release|Any CPU.Build.0 = Release|Any CPU
		{02210195-0335-4440-B11B-BC44D006FD51}.Debug|Any CPU.ActiveCfg = Debug|Any CPU
		{02210195-0335-4440-B11B-BC44D006FD51}.Debug|Any CPU.Build.0 = Debug|Any CPU
		{02210195-0335-4440-B11B-BC44D006FD51}.Release|Any CPU.ActiveCfg = Release|Any CPU
		{02210195-0335-4440-B11B-BC44D006FD51}.Release|Any CPU.Build.0 = Release|Any CPU
		{3954A43B-B265-44DB-8074-C91010219BDB}.Debug|Any CPU.ActiveCfg = Debug|Any CPU
		{3954A43B-B265-44DB-8074-C91010219BDB}.Debug|Any CPU.Build.0 = Debug|Any CPU
		{3954A43B-B265-44DB-8074-C91010219BDB}.Release|Any CPU.ActiveCfg = Release|Any CPU
		{3954A43B-B265-44DB-8074-C91010219BDB}.Release|Any CPU.Build.0 = Release|Any CPU
	EndGlobalSection
	GlobalSection(SolutionProperties) = preSolution
		HideSolutionNode = FALSE
	EndGlobalSection
	GlobalSection(ExtensibilityGlobals) = postSolution
		SolutionGuid = {47C63FFD-9AC3-477A-9DFD-416DEC7004FC}
	EndGlobalSection
EndGlobal
